// !$*UTF8*$!
{
	archiveVersion = 1;
	classes = {
	};
	objectVersion = 55;
	objects = {

/* Begin PBXBuildFile section */
		07C4C13228C7729F002DA5CE /* AppDelegate.swift in Sources */ = {isa = PBXBuildFile; fileRef = 07C4C13128C7729F002DA5CE /* AppDelegate.swift */; };
		07C4C13428C7729F002DA5CE /* SceneDelegate.swift in Sources */ = {isa = PBXBuildFile; fileRef = 07C4C13328C7729F002DA5CE /* SceneDelegate.swift */; };
		07C4C13628C7729F002DA5CE /* ViewController.swift in Sources */ = {isa = PBXBuildFile; fileRef = 07C4C13528C7729F002DA5CE /* ViewController.swift */; };
		07C4C13928C7729F002DA5CE /* Main.storyboard in Resources */ = {isa = PBXBuildFile; fileRef = 07C4C13728C7729F002DA5CE /* Main.storyboard */; };
		07C4C13B28C772A3002DA5CE /* Assets.xcassets in Resources */ = {isa = PBXBuildFile; fileRef = 07C4C13A28C772A3002DA5CE /* Assets.xcassets */; };
		07C4C13E28C772A3002DA5CE /* LaunchScreen.storyboard in Resources */ = {isa = PBXBuildFile; fileRef = 07C4C13C28C772A3002DA5CE /* LaunchScreen.storyboard */; };
		07C4C14928C7833E002DA5CE /* Session.swift in Sources */ = {isa = PBXBuildFile; fileRef = 07C4C14828C7833E002DA5CE /* Session.swift */; };
/* End PBXBuildFile section */

/* Begin PBXFileReference section */
		07C4C12E28C7729F002DA5CE /* project-base-ios.app */ = {isa = PBXFileReference; explicitFileType = wrapper.application; includeInIndex = 0; path = "project-base-ios.app"; sourceTree = BUILT_PRODUCTS_DIR; };
		07C4C13128C7729F002DA5CE /* AppDelegate.swift */ = {isa = PBXFileReference; lastKnownFileType = sourcecode.swift; path = AppDelegate.swift; sourceTree = "<group>"; };
		07C4C13328C7729F002DA5CE /* SceneDelegate.swift */ = {isa = PBXFileReference; lastKnownFileType = sourcecode.swift; path = SceneDelegate.swift; sourceTree = "<group>"; };
		07C4C13528C7729F002DA5CE /* ViewController.swift */ = {isa = PBXFileReference; lastKnownFileType = sourcecode.swift; path = ViewController.swift; sourceTree = "<group>"; };
		07C4C13828C7729F002DA5CE /* Base */ = {isa = PBXFileReference; lastKnownFileType = file.storyboard; name = Base; path = Base.lproj/Main.storyboard; sourceTree = "<group>"; };
		07C4C13A28C772A3002DA5CE /* Assets.xcassets */ = {isa = PBXFileReference; lastKnownFileType = folder.assetcatalog; path = Assets.xcassets; sourceTree = "<group>"; };
		07C4C13D28C772A3002DA5CE /* Base */ = {isa = PBXFileReference; lastKnownFileType = file.storyboard; name = Base; path = Base.lproj/LaunchScreen.storyboard; sourceTree = "<group>"; };
		07C4C13F28C772A3002DA5CE /* Info.plist */ = {isa = PBXFileReference; lastKnownFileType = text.plist.xml; path = Info.plist; sourceTree = "<group>"; };
		07C4C14828C7833E002DA5CE /* Session.swift */ = {isa = PBXFileReference; fileEncoding = 4; lastKnownFileType = sourcecode.swift; path = Session.swift; sourceTree = "<group>"; };
/* End PBXFileReference section */

/* Begin PBXFrameworksBuildPhase section */
		07C4C12B28C7729F002DA5CE /* Frameworks */ = {
			isa = PBXFrameworksBuildPhase;
			buildActionMask = 2147483647;
			files = (
			);
			runOnlyForDeploymentPostprocessing = 0;
		};
/* End PBXFrameworksBuildPhase section */

/* Begin PBXGroup section */
		07C4C12528C7729F002DA5CE = {
			isa = PBXGroup;
			children = (
				07C4C13028C7729F002DA5CE /* project-base-ios */,
				07C4C12F28C7729F002DA5CE /* Products */,
			);
			sourceTree = "<group>";
		};
		07C4C12F28C7729F002DA5CE /* Products */ = {
			isa = PBXGroup;
			children = (
				07C4C12E28C7729F002DA5CE /* project-base-ios.app */,
			);
			name = Products;
			sourceTree = "<group>";
		};
		07C4C13028C7729F002DA5CE /* project-base-ios */ = {
			isa = PBXGroup;
			children = (
				07C4C14528C77E7D002DA5CE /* Core */,
				07C4C14628C77E8F002DA5CE /* Screens */,
				07C4C14A28C7834F002DA5CE /* Services */,
				07C4C14728C77E9B002DA5CE /* Resources */,
			);
			path = "project-base-ios";
			sourceTree = "<group>";
		};
		07C4C14528C77E7D002DA5CE /* Core */ = {
			isa = PBXGroup;
			children = (
				07C4C13128C7729F002DA5CE /* AppDelegate.swift */,
				07C4C13328C7729F002DA5CE /* SceneDelegate.swift */,
			);
			path = Core;
			sourceTree = "<group>";
		};
		07C4C14628C77E8F002DA5CE /* Screens */ = {
			isa = PBXGroup;
			children = (
				07C4C13528C7729F002DA5CE /* ViewController.swift */,
			);
			path = Screens;
			sourceTree = "<group>";
		};
		07C4C14728C77E9B002DA5CE /* Resources */ = {
			isa = PBXGroup;
			children = (
				07C4C13728C7729F002DA5CE /* Main.storyboard */,
				07C4C13A28C772A3002DA5CE /* Assets.xcassets */,
				07C4C13C28C772A3002DA5CE /* LaunchScreen.storyboard */,
				07C4C13F28C772A3002DA5CE /* Info.plist */,
			);
			path = Resources;
			sourceTree = "<group>";
		};
		07C4C14A28C7834F002DA5CE /* Services */ = {
			isa = PBXGroup;
			children = (
				07C4C14828C7833E002DA5CE /* Session.swift */,
			);
			path = Services;
			sourceTree = "<group>";
		};
/* End PBXGroup section */

/* Begin PBXNativeTarget section */
		07C4C12D28C7729F002DA5CE /* project-base-ios */ = {
			isa = PBXNativeTarget;
			buildConfigurationList = 07C4C14228C772A3002DA5CE /* Build configuration list for PBXNativeTarget "project-base-ios" */;
			buildPhases = (
				07C4C12A28C7729F002DA5CE /* Sources */,
				07C4C12B28C7729F002DA5CE /* Frameworks */,
				07C4C12C28C7729F002DA5CE /* Resources */,
			);
			buildRules = (
			);
			dependencies = (
			);
			name = "project-base-ios";
			productName = "project-base-ios";
			productReference = 07C4C12E28C7729F002DA5CE /* project-base-ios.app */;
			productType = "com.apple.product-type.application";
		};
/* End PBXNativeTarget section */

/* Begin PBXProject section */
		07C4C12628C7729F002DA5CE /* Project object */ = {
			isa = PBXProject;
			attributes = {
				BuildIndependentTargetsInParallel = 1;
				LastSwiftUpdateCheck = 1330;
				LastUpgradeCheck = 1330;
				TargetAttributes = {
					07C4C12D28C7729F002DA5CE = {
						CreatedOnToolsVersion = 13.3.1;
					};
				};
			};
			buildConfigurationList = 07C4C12928C7729F002DA5CE /* Build configuration list for PBXProject "project-base-ios" */;
			compatibilityVersion = "Xcode 13.0";
			developmentRegion = en;
			hasScannedForEncodings = 0;
			knownRegions = (
				en,
				Base,
			);
			mainGroup = 07C4C12528C7729F002DA5CE;
			productRefGroup = 07C4C12F28C7729F002DA5CE /* Products */;
			projectDirPath = "";
			projectRoot = "";
			targets = (
				07C4C12D28C7729F002DA5CE /* project-base-ios */,
			);
		};
/* End PBXProject section */

/* Begin PBXResourcesBuildPhase section */
		07C4C12C28C7729F002DA5CE /* Resources */ = {
			isa = PBXResourcesBuildPhase;
			buildActionMask = 2147483647;
			files = (
				07C4C13E28C772A3002DA5CE /* LaunchScreen.storyboard in Resources */,
				07C4C13B28C772A3002DA5CE /* Assets.xcassets in Resources */,
				07C4C13928C7729F002DA5CE /* Main.storyboard in Resources */,
			);
			runOnlyForDeploymentPostprocessing = 0;
		};
/* End PBXResourcesBuildPhase section */

/* Begin PBXSourcesBuildPhase section */
		07C4C12A28C7729F002DA5CE /* Sources */ = {
			isa = PBXSourcesBuildPhase;
			buildActionMask = 2147483647;
			files = (
				07C4C14928C7833E002DA5CE /* Session.swift in Sources */,
				07C4C13628C7729F002DA5CE /* ViewController.swift in Sources */,
				07C4C13228C7729F002DA5CE /* AppDelegate.swift in Sources */,
				07C4C13428C7729F002DA5CE /* SceneDelegate.swift in Sources */,
			);
			runOnlyForDeploymentPostprocessing = 0;
		};
/* End PBXSourcesBuildPhase section */

/* Begin PBXVariantGroup section */
		07C4C13728C7729F002DA5CE /* Main.storyboard */ = {
			isa = PBXVariantGroup;
			children = (
				07C4C13828C7729F002DA5CE /* Base */,
			);
			name = Main.storyboard;
			sourceTree = "<group>";
		};
		07C4C13C28C772A3002DA5CE /* LaunchScreen.storyboard */ = {
			isa = PBXVariantGroup;
			children = (
				07C4C13D28C772A3002DA5CE /* Base */,
			);
			name = LaunchScreen.storyboard;
			sourceTree = "<group>";
		};
/* End PBXVariantGroup section */

/* Begin XCBuildConfiguration section */
		07C4C14028C772A3002DA5CE /* Debug */ = {
			isa = XCBuildConfiguration;
			buildSettings = {
				ALWAYS_SEARCH_USER_PATHS = NO;
				CLANG_ANALYZER_NONNULL = YES;
				CLANG_ANALYZER_NUMBER_OBJECT_CONVERSION = YES_AGGRESSIVE;
				CLANG_CXX_LANGUAGE_STANDARD = "gnu++17";
				CLANG_ENABLE_MODULES = YES;
				CLANG_ENABLE_OBJC_ARC = YES;
				CLANG_ENABLE_OBJC_WEAK = YES;
				CLANG_WARN_BLOCK_CAPTURE_AUTORELEASING = YES;
				CLANG_WARN_BOOL_CONVERSION = YES;
				CLANG_WARN_COMMA = YES;
				CLANG_WARN_CONSTANT_CONVERSION = YES;
				CLANG_WARN_DEPRECATED_OBJC_IMPLEMENTATIONS = YES;
				CLANG_WARN_DIRECT_OBJC_ISA_USAGE = YES_ERROR;
				CLANG_WARN_DOCUMENTATION_COMMENTS = YES;
				CLANG_WARN_EMPTY_BODY = YES;
				CLANG_WARN_ENUM_CONVERSION = YES;
				CLANG_WARN_INFINITE_RECURSION = YES;
				CLANG_WARN_INT_CONVERSION = YES;
				CLANG_WARN_NON_LITERAL_NULL_CONVERSION = YES;
				CLANG_WARN_OBJC_IMPLICIT_RETAIN_SELF = YES;
				CLANG_WARN_OBJC_LITERAL_CONVERSION = YES;
				CLANG_WARN_OBJC_ROOT_CLASS = YES_ERROR;
				CLANG_WARN_QUOTED_INCLUDE_IN_FRAMEWORK_HEADER = YES;
				CLANG_WARN_RANGE_LOOP_ANALYSIS = YES;
				CLANG_WARN_STRICT_PROTOTYPES = YES;
				CLANG_WARN_SUSPICIOUS_MOVE = YES;
				CLANG_WARN_UNGUARDED_AVAILABILITY = YES_AGGRESSIVE;
				CLANG_WARN_UNREACHABLE_CODE = YES;
				CLANG_WARN__DUPLICATE_METHOD_MATCH = YES;
				COPY_PHASE_STRIP = NO;
				DEBUG_INFORMATION_FORMAT = dwarf;
				ENABLE_STRICT_OBJC_MSGSEND = YES;
				ENABLE_TESTABILITY = YES;
				GCC_C_LANGUAGE_STANDARD = gnu11;
				GCC_DYNAMIC_NO_PIC = NO;
				GCC_NO_COMMON_BLOCKS = YES;
				GCC_OPTIMIZATION_LEVEL = 0;
				GCC_PREPROCESSOR_DEFINITIONS = (
					"DEBUG=1",
					"$(inherited)",
				);
				GCC_WARN_64_TO_32_BIT_CONVERSION = YES;
				GCC_WARN_ABOUT_RETURN_TYPE = YES_ERROR;
				GCC_WARN_UNDECLARED_SELECTOR = YES;
				GCC_WARN_UNINITIALIZED_AUTOS = YES_AGGRESSIVE;
				GCC_WARN_UNUSED_FUNCTION = YES;
				GCC_WARN_UNUSED_VARIABLE = YES;
				IPHONEOS_DEPLOYMENT_TARGET = 15.4;
				MTL_ENABLE_DEBUG_INFO = INCLUDE_SOURCE;
				MTL_FAST_MATH = YES;
				ONLY_ACTIVE_ARCH = YES;
				SDKROOT = iphoneos;
				SWIFT_ACTIVE_COMPILATION_CONDITIONS = DEBUG;
				SWIFT_OPTIMIZATION_LEVEL = "-Onone";
			};
			name = Debug;
		};
		07C4C14128C772A3002DA5CE /* Release */ = {
			isa = XCBuildConfiguration;
			buildSettings = {
				ALWAYS_SEARCH_USER_PATHS = NO;
				CLANG_ANALYZER_NONNULL = YES;
				CLANG_ANALYZER_NUMBER_OBJECT_CONVERSION = YES_AGGRESSIVE;
				CLANG_CXX_LANGUAGE_STANDARD = "gnu++17";
				CLANG_ENABLE_MODULES = YES;
				CLANG_ENABLE_OBJC_ARC = YES;
				CLANG_ENABLE_OBJC_WEAK = YES;
				CLANG_WARN_BLOCK_CAPTURE_AUTORELEASING = YES;
				CLANG_WARN_BOOL_CONVERSION = YES;
				CLANG_WARN_COMMA = YES;
				CLANG_WARN_CONSTANT_CONVERSION = YES;
				CLANG_WARN_DEPRECATED_OBJC_IMPLEMENTATIONS = YES;
				CLANG_WARN_DIRECT_OBJC_ISA_USAGE = YES_ERROR;
				CLANG_WARN_DOCUMENTATION_COMMENTS = YES;
				CLANG_WARN_EMPTY_BODY = YES;
				CLANG_WARN_ENUM_CONVERSION = YES;
				CLANG_WARN_INFINITE_RECURSION = YES;
				CLANG_WARN_INT_CONVERSION = YES;
				CLANG_WARN_NON_LITERAL_NULL_CONVERSION = YES;
				CLANG_WARN_OBJC_IMPLICIT_RETAIN_SELF = YES;
				CLANG_WARN_OBJC_LITERAL_CONVERSION = YES;
				CLANG_WARN_OBJC_ROOT_CLASS = YES_ERROR;
				CLANG_WARN_QUOTED_INCLUDE_IN_FRAMEWORK_HEADER = YES;
				CLANG_WARN_RANGE_LOOP_ANALYSIS = YES;
				CLANG_WARN_STRICT_PROTOTYPES = YES;
				CLANG_WARN_SUSPICIOUS_MOVE = YES;
				CLANG_WARN_UNGUARDED_AVAILABILITY = YES_AGGRESSIVE;
				CLANG_WARN_UNREACHABLE_CODE = YES;
				CLANG_WARN__DUPLICATE_METHOD_MATCH = YES;
				COPY_PHASE_STRIP = NO;
				DEBUG_INFORMATION_FORMAT = "dwarf-with-dsym";
				ENABLE_NS_ASSERTIONS = NO;
				ENABLE_STRICT_OBJC_MSGSEND = YES;
				GCC_C_LANGUAGE_STANDARD = gnu11;
				GCC_NO_COMMON_BLOCKS = YES;
				GCC_WARN_64_TO_32_BIT_CONVERSION = YES;
				GCC_WARN_ABOUT_RETURN_TYPE = YES_ERROR;
				GCC_WARN_UNDECLARED_SELECTOR = YES;
				GCC_WARN_UNINITIALIZED_AUTOS = YES_AGGRESSIVE;
				GCC_WARN_UNUSED_FUNCTION = YES;
				GCC_WARN_UNUSED_VARIABLE = YES;
				IPHONEOS_DEPLOYMENT_TARGET = 15.4;
				MTL_ENABLE_DEBUG_INFO = NO;
				MTL_FAST_MATH = YES;
				SDKROOT = iphoneos;
				SWIFT_COMPILATION_MODE = wholemodule;
				SWIFT_OPTIMIZATION_LEVEL = "-O";
				VALIDATE_PRODUCT = YES;
			};
			name = Release;
		};
		07C4C14328C772A3002DA5CE /* Debug */ = {
			isa = XCBuildConfiguration;
			buildSettings = {
				ASSETCATALOG_COMPILER_APPICON_NAME = AppIcon;
				ASSETCATALOG_COMPILER_GLOBAL_ACCENT_COLOR_NAME = AccentColor;
				CODE_SIGN_STYLE = Automatic;
				CURRENT_PROJECT_VERSION = 2;
				DEVELOPMENT_TEAM = K32283BYNP;
				GENERATE_INFOPLIST_FILE = YES;
				INFOPLIST_FILE = "project-base-ios/Resources/Info.plist";
				INFOPLIST_KEY_UIApplicationSupportsIndirectInputEvents = YES;
				INFOPLIST_KEY_UILaunchStoryboardName = LaunchScreen;
				INFOPLIST_KEY_UIMainStoryboardFile = Main;
				INFOPLIST_KEY_UISupportedInterfaceOrientations_iPad = "UIInterfaceOrientationPortrait UIInterfaceOrientationPortraitUpsideDown UIInterfaceOrientationLandscapeLeft UIInterfaceOrientationLandscapeRight";
				INFOPLIST_KEY_UISupportedInterfaceOrientations_iPhone = "UIInterfaceOrientationPortrait UIInterfaceOrientationLandscapeLeft UIInterfaceOrientationLandscapeRight";
				LD_RUNPATH_SEARCH_PATHS = (
					"$(inherited)",
					"@executable_path/Frameworks",
				);
				MARKETING_VERSION = 1.0.1;
				PRODUCT_BUNDLE_IDENTIFIER = "com.serikbayevaidos.project-base-ios";
				PRODUCT_NAME = "$(TARGET_NAME)";
				SWIFT_EMIT_LOC_STRINGS = YES;
				SWIFT_VERSION = 5.0;
				TARGETED_DEVICE_FAMILY = "1,2";
			};
			name = Debug;
		};
		07C4C14428C772A3002DA5CE /* Release */ = {
			isa = XCBuildConfiguration;
			buildSettings = {
				ASSETCATALOG_COMPILER_APPICON_NAME = AppIcon;
				ASSETCATALOG_COMPILER_GLOBAL_ACCENT_COLOR_NAME = AccentColor;
				CODE_SIGN_STYLE = Automatic;
				CURRENT_PROJECT_VERSION = 2;
				DEVELOPMENT_TEAM = K32283BYNP;
				GENERATE_INFOPLIST_FILE = YES;
				INFOPLIST_FILE = "project-base-ios/Resources/Info.plist";
				INFOPLIST_KEY_UIApplicationSupportsIndirectInputEvents = YES;
				INFOPLIST_KEY_UILaunchStoryboardName = LaunchScreen;
				INFOPLIST_KEY_UIMainStoryboardFile = Main;
				INFOPLIST_KEY_UISupportedInterfaceOrientations_iPad = "UIInterfaceOrientationPortrait UIInterfaceOrientationPortraitUpsideDown UIInterfaceOrientationLandscapeLeft UIInterfaceOrientationLandscapeRight";
				INFOPLIST_KEY_UISupportedInterfaceOrientations_iPhone = "UIInterfaceOrientationPortrait UIInterfaceOrientationLandscapeLeft UIInterfaceOrientationLandscapeRight";
				LD_RUNPATH_SEARCH_PATHS = (
					"$(inherited)",
					"@executable_path/Frameworks",
				);
				MARKETING_VERSION = 1.0.1;
				PRODUCT_BUNDLE_IDENTIFIER = "com.serikbayevaidos.project-base-ios";
				PRODUCT_NAME = "$(TARGET_NAME)";
				SWIFT_EMIT_LOC_STRINGS = YES;
				SWIFT_VERSION = 5.0;
				TARGETED_DEVICE_FAMILY = "1,2";
			};
			name = Release;
		};
/* End XCBuildConfiguration section */

/* Begin XCConfigurationList section */
		07C4C12928C7729F002DA5CE /* Build configuration list for PBXProject "project-base-ios" */ = {
			isa = XCConfigurationList;
			buildConfigurations = (
				07C4C14028C772A3002DA5CE /* Debug */,
				07C4C14128C772A3002DA5CE /* Release */,
			);
			defaultConfigurationIsVisible = 0;
			defaultConfigurationName = Release;
		};
		07C4C14228C772A3002DA5CE /* Build configuration list for PBXNativeTarget "project-base-ios" */ = {
			isa = XCConfigurationList;
			buildConfigurations = (
				07C4C14328C772A3002DA5CE /* Debug */,
				07C4C14428C772A3002DA5CE /* Release */,
			);
			defaultConfigurationIsVisible = 0;
			defaultConfigurationName = Release;
		};
/* End XCConfigurationList section */
	};
	rootObject = 07C4C12628C7729F002DA5CE /* Project object */;
}
